
Microsoft Visual Studio Solution File, Format Version 12.00
# Visual Studio Version 17
VisualStudioVersion = 17.5.33414.496
MinimumVisualStudioVersion = 10.0.40219.1
Project("{FAE04EC0-301F-11D3-BF4B-00C04F79EFBC}") = "WindowsFormsApp_Thesis", "WindowsFormsApp_Thesis.csproj", "{A9A492D9-C813-4CAC-A317-4AB17E88A8A3}"
EndProject
Global
	GlobalSection(SolutionConfigurationPlatforms) = preSolution
		Debug|Any CPU = Debug|Any CPU
		Debug|x64 = Debug|x64
		Release|Any CPU = Release|Any CPU
		Release|x64 = Release|x64
	EndGlobalSection
	GlobalSection(ProjectConfigurationPlatforms) = postSolution
		{A9A492D9-C813-4CAC-A317-4AB17E88A8A3}.Debug|Any CPU.ActiveCfg = Debug|Any CPU
		{A9A492D9-C813-4CAC-A317-4AB17E88A8A3}.Debug|Any CPU.Build.0 = Debug|Any CPU
		{A9A492D9-C813-4CAC-A317-4AB17E88A8A3}.Debug|x64.ActiveCfg = Debug|x64
		{A9A492D9-C813-4CAC-A317-4AB17E88A8A3}.Debug|x64.Build.0 = Debug|x64
		{A9A492D9-C813-4CAC-A317-4AB17E88A8A3}.Release|Any CPU.ActiveCfg = Release|Any CPU
		{A9A492D9-C813-4CAC-A317-4AB17E88A8A3}.Release|Any CPU.Build.0 = Release|Any CPU
		{A9A492D9-C813-4CAC-A317-4AB17E88A8A3}.Release|x64.ActiveCfg = Release|x64
		{A9A492D9-C813-4CAC-A317-4AB17E88A8A3}.Release|x64.Build.0 = Release|x64
	EndGlobalSection
	GlobalSection(SolutionProperties) = preSolution
		HideSolutionNode = FALSE
	EndGlobalSection
	GlobalSection(ExtensibilityGlobals) = postSolution
		SolutionGuid = {F247A848-DB28-4E65-9766-FD2E900059A3}
	EndGlobalSection
EndGlobal
